
Microsoft Visual Studio Solution File, Format Version 12.00
# Visual Studio Version 17
VisualStudioVersion = 17.7.34202.233
MinimumVisualStudioVersion = 10.0.40219.1
Project("{FAE04EC0-301F-11D3-BF4B-00C04F79EFBC}") = "Wpf(7-11-2023)", "Wpf(7-11-2023)\Wpf(7-11-2023).csproj", "{692B6CED-1D03-4306-B199-C89DB1D93FE0}"
EndProject
Global
	GlobalSection(SolutionConfigurationPlatforms) = preSolution
		Debug|Any CPU = Debug|Any CPU
		Release|Any CPU = Release|Any CPU
	EndGlobalSection
	GlobalSection(ProjectConfigurationPlatforms) = postSolution
		{692B6CED-1D03-4306-B199-C89DB1D93FE0}.Debug|Any CPU.ActiveCfg = Debug|Any CPU
		{692B6CED-1D03-4306-B199-C89DB1D93FE0}.Debug|Any CPU.Build.0 = Debug|Any CPU
		{692B6CED-1D03-4306-B199-C89DB1D93FE0}.Release|Any CPU.ActiveCfg = Release|Any CPU
		{692B6CED-1D03-4306-B199-C89DB1D93FE0}.Release|Any CPU.Build.0 = Release|Any CPU
	EndGlobalSection
	GlobalSection(SolutionProperties) = preSolution
		HideSolutionNode = FALSE
	EndGlobalSection
	GlobalSection(ExtensibilityGlobals) = postSolution
		SolutionGuid = {85D903B6-2EB5-455E-8AEE-6CC04DFC6682}
	EndGlobalSection
EndGlobal
